
Microsoft Visual Studio Solution File, Format Version 12.00
# Visual Studio Version 16
VisualStudioVersion = 16.0.30309.148
MinimumVisualStudioVersion = 10.0.40219.1
Project("{9A19103F-16F7-4668-BE54-9A1E7A4F7556}") = "UploadPdfApi", "UploadPdfApi\UploadPdfApi.csproj", "{5DF4331B-F738-49B6-B847-A6CABA10F093}"
EndProject
Project("{FAE04EC0-301F-11D3-BF4B-00C04F79EFBC}") = "StorageServices", "UploadPdf.Storage\StorageServices.csproj", "{36EB80C0-A737-4A2D-8EBE-356285DDD168}"
EndProject
Project("{2150E333-8FDC-42A3-9474-1A3956D46DE8}") = "Tests", "Tests", "{711A1771-B457-4DF4-8899-A63C11770B47}"
EndProject
Project("{FAE04EC0-301F-11D3-BF4B-00C04F79EFBC}") = "StorageServices.Tests", "StorageServices.Tests\StorageServices.Tests.csproj", "{41660B9F-3439-49E6-AA85-1ED8F292871F}"
EndProject
Project("{FAE04EC0-301F-11D3-BF4B-00C04F79EFBC}") = "UplaodPdfApi.Tests", "UplaodPdfApi.Tests\UplaodPdfApi.Tests.csproj", "{1ED9FCE4-5F0D-4C3A-A1BC-EF40014DB105}"
EndProject
Global
	GlobalSection(SolutionConfigurationPlatforms) = preSolution
		Debug|Any CPU = Debug|Any CPU
		Release|Any CPU = Release|Any CPU
	EndGlobalSection
	GlobalSection(ProjectConfigurationPlatforms) = postSolution
		{5DF4331B-F738-49B6-B847-A6CABA10F093}.Debug|Any CPU.ActiveCfg = Debug|Any CPU
		{5DF4331B-F738-49B6-B847-A6CABA10F093}.Debug|Any CPU.Build.0 = Debug|Any CPU
		{5DF4331B-F738-49B6-B847-A6CABA10F093}.Release|Any CPU.ActiveCfg = Release|Any CPU
		{5DF4331B-F738-49B6-B847-A6CABA10F093}.Release|Any CPU.Build.0 = Release|Any CPU
		{36EB80C0-A737-4A2D-8EBE-356285DDD168}.Debug|Any CPU.ActiveCfg = Debug|Any CPU
		{36EB80C0-A737-4A2D-8EBE-356285DDD168}.Debug|Any CPU.Build.0 = Debug|Any CPU
		{36EB80C0-A737-4A2D-8EBE-356285DDD168}.Release|Any CPU.ActiveCfg = Release|Any CPU
		{36EB80C0-A737-4A2D-8EBE-356285DDD168}.Release|Any CPU.Build.0 = Release|Any CPU
		{41660B9F-3439-49E6-AA85-1ED8F292871F}.Debug|Any CPU.ActiveCfg = Debug|Any CPU
		{41660B9F-3439-49E6-AA85-1ED8F292871F}.Debug|Any CPU.Build.0 = Debug|Any CPU
		{41660B9F-3439-49E6-AA85-1ED8F292871F}.Release|Any CPU.ActiveCfg = Release|Any CPU
		{41660B9F-3439-49E6-AA85-1ED8F292871F}.Release|Any CPU.Build.0 = Release|Any CPU
		{1ED9FCE4-5F0D-4C3A-A1BC-EF40014DB105}.Debug|Any CPU.ActiveCfg = Debug|Any CPU
		{1ED9FCE4-5F0D-4C3A-A1BC-EF40014DB105}.Debug|Any CPU.Build.0 = Debug|Any CPU
		{1ED9FCE4-5F0D-4C3A-A1BC-EF40014DB105}.Release|Any CPU.ActiveCfg = Release|Any CPU
		{1ED9FCE4-5F0D-4C3A-A1BC-EF40014DB105}.Release|Any CPU.Build.0 = Release|Any CPU
	EndGlobalSection
	GlobalSection(SolutionProperties) = preSolution
		HideSolutionNode = FALSE
	EndGlobalSection
	GlobalSection(NestedProjects) = preSolution
		{41660B9F-3439-49E6-AA85-1ED8F292871F} = {711A1771-B457-4DF4-8899-A63C11770B47}
		{1ED9FCE4-5F0D-4C3A-A1BC-EF40014DB105} = {711A1771-B457-4DF4-8899-A63C11770B47}
	EndGlobalSection
	GlobalSection(ExtensibilityGlobals) = postSolution
		SolutionGuid = {AFCF4A2A-BE0A-4875-8CEF-A280D739AB52}
	EndGlobalSection
EndGlobal
